// !$*UTF8*$!
{
	archiveVersion = 1;
	classes = {
	};
	objectVersion = 46;
	objects = {

/* Begin PBXBuildFile section */
		4B0C4A741770F56700D38CCD /* SenTestingKit.framework in Frameworks */ = {isa = PBXBuildFile; fileRef = 4B0C4A731770F56700D38CCD /* SenTestingKit.framework */; };
		4B0C4A751770F56800D38CCD /* UIKit.framework in Frameworks */ = {isa = PBXBuildFile; fileRef = 4B0C4A551770F56700D38CCD /* UIKit.framework */; };
		4B0C4A761770F56800D38CCD /* Foundation.framework in Frameworks */ = {isa = PBXBuildFile; fileRef = 4B0C4A571770F56700D38CCD /* Foundation.framework */; };
		4B5E090F177C8D8F0073D4E1 /* RHGBlockCallSchedulerTimerImplTests.m in Sources */ = {isa = PBXBuildFile; fileRef = 4B5E090D177C8D8F0073D4E1 /* RHGBlockCallSchedulerTimerImplTests.m */; };
		4B5E0912177C8DD70073D4E1 /* RHGFakeAutoadvancingCurrentDateWrapperTests.m in Sources */ = {isa = PBXBuildFile; fileRef = 4B5E0911177C8DD70073D4E1 /* RHGFakeAutoadvancingCurrentDateWrapperTests.m */; };
		4B5E0915177C909A0073D4E1 /* RHGFakeAutoadvancingClockTests.m in Sources */ = {isa = PBXBuildFile; fileRef = 4B5E0914177C909A0073D4E1 /* RHGFakeAutoadvancingClockTests.m */; };
		4BAFFF8D177B6ACE0098341C /* CoreGraphics.framework in Frameworks */ = {isa = PBXBuildFile; fileRef = 4B0C4A591770F56700D38CCD /* CoreGraphics.framework */; };
		4BAFFF93177B6F420098341C /* RHGClockImplTests.m in Sources */ = {isa = PBXBuildFile; fileRef = 4BAFFF92177B6F420098341C /* RHGClockImplTests.m */; };
		4BAFFF97177B70340098341C /* RHGAutoverifyingSenTestCase.m in Sources */ = {isa = PBXBuildFile; fileRef = 4BAFFF96177B70340098341C /* RHGAutoverifyingSenTestCase.m */; };
		D7C861F3E99B419BA0D2625E /* libPods-iOS Tests.a in Frameworks */ = {isa = PBXBuildFile; fileRef = 96123473966E441EA07B2E21 /* libPods-iOS Tests.a */; };
/* End PBXBuildFile section */

/* Begin PBXFileReference section */
		4B0C4A551770F56700D38CCD /* UIKit.framework */ = {isa = PBXFileReference; lastKnownFileType = wrapper.framework; name = UIKit.framework; path = System/Library/Frameworks/UIKit.framework; sourceTree = SDKROOT; };
		4B0C4A571770F56700D38CCD /* Foundation.framework */ = {isa = PBXFileReference; lastKnownFileType = wrapper.framework; name = Foundation.framework; path = System/Library/Frameworks/Foundation.framework; sourceTree = SDKROOT; };
		4B0C4A591770F56700D38CCD /* CoreGraphics.framework */ = {isa = PBXFileReference; lastKnownFileType = wrapper.framework; name = CoreGraphics.framework; path = System/Library/Frameworks/CoreGraphics.framework; sourceTree = SDKROOT; };
		4B0C4A721770F56700D38CCD /* iOS Tests.octest */ = {isa = PBXFileReference; explicitFileType = wrapper.cfbundle; includeInIndex = 0; path = "iOS Tests.octest"; sourceTree = BUILT_PRODUCTS_DIR; };
		4B0C4A731770F56700D38CCD /* SenTestingKit.framework */ = {isa = PBXFileReference; lastKnownFileType = wrapper.framework; name = SenTestingKit.framework; path = Library/Frameworks/SenTestingKit.framework; sourceTree = DEVELOPER_DIR; };
		4B4D62091770F5F5002AD2A0 /* RGKitTests-Info.plist */ = {isa = PBXFileReference; fileEncoding = 4; lastKnownFileType = text.plist.xml; path = "RGKitTests-Info.plist"; sourceTree = SOURCE_ROOT; };
		4B5E090D177C8D8F0073D4E1 /* RHGBlockCallSchedulerTimerImplTests.m */ = {isa = PBXFileReference; fileEncoding = 4; lastKnownFileType = sourcecode.c.objc; path = RHGBlockCallSchedulerTimerImplTests.m; sourceTree = "<group>"; };
		4B5E0910177C8DD70073D4E1 /* RHGFakeAutoadvancingCurrentDateWrapperTests.h */ = {isa = PBXFileReference; fileEncoding = 4; lastKnownFileType = sourcecode.c.h; path = RHGFakeAutoadvancingCurrentDateWrapperTests.h; sourceTree = "<group>"; };
		4B5E0911177C8DD70073D4E1 /* RHGFakeAutoadvancingCurrentDateWrapperTests.m */ = {isa = PBXFileReference; fileEncoding = 4; lastKnownFileType = sourcecode.c.objc; path = RHGFakeAutoadvancingCurrentDateWrapperTests.m; sourceTree = "<group>"; };
		4B5E0914177C909A0073D4E1 /* RHGFakeAutoadvancingClockTests.m */ = {isa = PBXFileReference; fileEncoding = 4; lastKnownFileType = sourcecode.c.objc; path = RHGFakeAutoadvancingClockTests.m; sourceTree = "<group>"; };
		4BAFFF92177B6F420098341C /* RHGClockImplTests.m */ = {isa = PBXFileReference; fileEncoding = 4; lastKnownFileType = sourcecode.c.objc; path = RHGClockImplTests.m; sourceTree = "<group>"; };
		4BAFFF95177B70340098341C /* RHGAutoverifyingSenTestCase.h */ = {isa = PBXFileReference; fileEncoding = 4; lastKnownFileType = sourcecode.c.h; path = RHGAutoverifyingSenTestCase.h; sourceTree = "<group>"; };
		4BAFFF96177B70340098341C /* RHGAutoverifyingSenTestCase.m */ = {isa = PBXFileReference; fileEncoding = 4; lastKnownFileType = sourcecode.c.objc; path = RHGAutoverifyingSenTestCase.m; sourceTree = "<group>"; };
		96123473966E441EA07B2E21 /* libPods-iOS Tests.a */ = {isa = PBXFileReference; explicitFileType = archive.ar; includeInIndex = 0; path = "libPods-iOS Tests.a"; sourceTree = BUILT_PRODUCTS_DIR; };
		DF7A9CD4ED724777B9442E06 /* Pods-iOS Tests.xcconfig */ = {isa = PBXFileReference; includeInIndex = 1; lastKnownFileType = text.xcconfig; name = "Pods-iOS Tests.xcconfig"; path = "Pods/Pods-iOS Tests.xcconfig"; sourceTree = SOURCE_ROOT; };
/* End PBXFileReference section */

/* Begin PBXFrameworksBuildPhase section */
		4B0C4A6E1770F56700D38CCD /* Frameworks */ = {
			isa = PBXFrameworksBuildPhase;
			buildActionMask = 2147483647;
			files = (
				4BAFFF8D177B6ACE0098341C /* CoreGraphics.framework in Frameworks */,
				4B0C4A741770F56700D38CCD /* SenTestingKit.framework in Frameworks */,
				4B0C4A751770F56800D38CCD /* UIKit.framework in Frameworks */,
				4B0C4A761770F56800D38CCD /* Foundation.framework in Frameworks */,
				D7C861F3E99B419BA0D2625E /* libPods-iOS Tests.a in Frameworks */,
			);
			runOnlyForDeploymentPostprocessing = 0;
		};
/* End PBXFrameworksBuildPhase section */

/* Begin PBXGroup section */
		4B0C4A491770F56700D38CCD = {
			isa = PBXGroup;
			children = (
				4BAFFF94177B70340098341C /* Helpers */,
				4BAFFF8F177B6F280098341C /* Tests */,
				4B0C4A7A1770F56800D38CCD /* Supporting Files */,
				4B0C4A541770F56700D38CCD /* Frameworks */,
				4B0C4A531770F56700D38CCD /* Products */,
				DF7A9CD4ED724777B9442E06 /* Pods-iOS Tests.xcconfig */,
			);
			sourceTree = "<group>";
		};
		4B0C4A531770F56700D38CCD /* Products */ = {
			isa = PBXGroup;
			children = (
				4B0C4A721770F56700D38CCD /* iOS Tests.octest */,
			);
			name = Products;
			sourceTree = "<group>";
		};
		4B0C4A541770F56700D38CCD /* Frameworks */ = {
			isa = PBXGroup;
			children = (
				4B0C4A551770F56700D38CCD /* UIKit.framework */,
				4B0C4A571770F56700D38CCD /* Foundation.framework */,
				4B0C4A591770F56700D38CCD /* CoreGraphics.framework */,
				4B0C4A731770F56700D38CCD /* SenTestingKit.framework */,
				96123473966E441EA07B2E21 /* libPods-iOS Tests.a */,
			);
			name = Frameworks;
			sourceTree = "<group>";
		};
		4B0C4A7A1770F56800D38CCD /* Supporting Files */ = {
			isa = PBXGroup;
			children = (
				4B4D62091770F5F5002AD2A0 /* RGKitTests-Info.plist */,
			);
			name = "Supporting Files";
			sourceTree = "<group>";
		};
		4B5E090C177C8D8F0073D4E1 /* Block Call Scheduler */ = {
			isa = PBXGroup;
			children = (
				4B5E090D177C8D8F0073D4E1 /* RHGBlockCallSchedulerTimerImplTests.m */,
			);
			path = "Block Call Scheduler";
			sourceTree = "<group>";
		};
		4B5E090E177C8D8F0073D4E1 /* Current Date Wrapper */ = {
			isa = PBXGroup;
			children = (
				4B5E0910177C8DD70073D4E1 /* RHGFakeAutoadvancingCurrentDateWrapperTests.h */,
				4B5E0911177C8DD70073D4E1 /* RHGFakeAutoadvancingCurrentDateWrapperTests.m */,
			);
			path = "Current Date Wrapper";
			sourceTree = "<group>";
		};
		4BAFFF8F177B6F280098341C /* Tests */ = {
			isa = PBXGroup;
			children = (
				4BAFFF90177B6F280098341C /* Time */,
			);
			path = Tests;
			sourceTree = "<group>";
		};
		4BAFFF90177B6F280098341C /* Time */ = {
			isa = PBXGroup;
			children = (
				4BAFFF92177B6F420098341C /* RHGClockImplTests.m */,
				4B5E0914177C909A0073D4E1 /* RHGFakeAutoadvancingClockTests.m */,
				4B5E090C177C8D8F0073D4E1 /* Block Call Scheduler */,
				4B5E090E177C8D8F0073D4E1 /* Current Date Wrapper */,
			);
			path = Time;
			sourceTree = "<group>";
		};
		4BAFFF94177B70340098341C /* Helpers */ = {
			isa = PBXGroup;
			children = (
				4BAFFF95177B70340098341C /* RHGAutoverifyingSenTestCase.h */,
				4BAFFF96177B70340098341C /* RHGAutoverifyingSenTestCase.m */,
			);
			path = Helpers;
			sourceTree = "<group>";
		};
/* End PBXGroup section */

/* Begin PBXNativeTarget section */
		4B0C4A711770F56700D38CCD /* iOS Tests */ = {
			isa = PBXNativeTarget;
			buildConfigurationList = 4B0C4A871770F56800D38CCD /* Build configuration list for PBXNativeTarget "iOS Tests" */;
			buildPhases = (
				CB86ACB426974024846DD3BD /* Check Pods Manifest.lock */,
				4B0C4A6D1770F56700D38CCD /* Sources */,
				4B0C4A6E1770F56700D38CCD /* Frameworks */,
				4B0C4A6F1770F56700D38CCD /* Resources */,
				4B0C4A701770F56700D38CCD /* ShellScript */,
				F1A24CE0743C4588BD5EC11A /* Copy Pods Resources */,
			);
			buildRules = (
			);
			dependencies = (
			);
			name = "iOS Tests";
			productName = "RGKit TestsTests";
			productReference = 4B0C4A721770F56700D38CCD /* iOS Tests.octest */;
			productType = "com.apple.product-type.bundle";
		};
/* End PBXNativeTarget section */

/* Begin PBXProject section */
		4B0C4A4A1770F56700D38CCD /* Project object */ = {
			isa = PBXProject;
			attributes = {
				LastUpgradeCheck = 0460;
				ORGANIZATIONNAME = "Robert Gilliam";
			};
			buildConfigurationList = 4B0C4A4D1770F56700D38CCD /* Build configuration list for PBXProject "RGKit Tests" */;
			compatibilityVersion = "Xcode 3.2";
			developmentRegion = English;
			hasScannedForEncodings = 0;
			knownRegions = (
				en,
			);
			mainGroup = 4B0C4A491770F56700D38CCD;
			productRefGroup = 4B0C4A531770F56700D38CCD /* Products */;
			projectDirPath = "";
			projectRoot = "";
			targets = (
				4B0C4A711770F56700D38CCD /* iOS Tests */,
			);
		};
/* End PBXProject section */

/* Begin PBXResourcesBuildPhase section */
		4B0C4A6F1770F56700D38CCD /* Resources */ = {
			isa = PBXResourcesBuildPhase;
			buildActionMask = 2147483647;
			files = (
			);
			runOnlyForDeploymentPostprocessing = 0;
		};
/* End PBXResourcesBuildPhase section */

/* Begin PBXShellScriptBuildPhase section */
		4B0C4A701770F56700D38CCD /* ShellScript */ = {
			isa = PBXShellScriptBuildPhase;
			buildActionMask = 2147483647;
			files = (
			);
			inputPaths = (
			);
			outputPaths = (
			);
			runOnlyForDeploymentPostprocessing = 0;
			shellPath = /bin/sh;
			shellScript = "# Run the unit tests in this test bundle.\n\"${SYSTEM_DEVELOPER_DIR}/Tools/RunUnitTests\"\n";
		};
		CB86ACB426974024846DD3BD /* Check Pods Manifest.lock */ = {
			isa = PBXShellScriptBuildPhase;
			buildActionMask = 2147483647;
			files = (
			);
			inputPaths = (
			);
			name = "Check Pods Manifest.lock";
			outputPaths = (
			);
			runOnlyForDeploymentPostprocessing = 0;
			shellPath = /bin/sh;
			shellScript = "diff \"${PODS_ROOT}/../Podfile.lock\" \"${PODS_ROOT}/Manifest.lock\" > /dev/null\nif [[ $? != 0 ]] ; then\n    cat << EOM\nerror: The sandbox is not in sync with the Podfile.lock. Run 'pod install' or update your CocoaPods installation.\nEOM\n    exit 1\nfi\n";
		};
		F1A24CE0743C4588BD5EC11A /* Copy Pods Resources */ = {
			isa = PBXShellScriptBuildPhase;
			buildActionMask = 2147483647;
			files = (
			);
			inputPaths = (
			);
			name = "Copy Pods Resources";
			outputPaths = (
			);
			runOnlyForDeploymentPostprocessing = 0;
			shellPath = /bin/sh;
			shellScript = "\"${SRCROOT}/Pods/Pods-iOS Tests-resources.sh\"\n";
		};
/* End PBXShellScriptBuildPhase section */

/* Begin PBXSourcesBuildPhase section */
		4B0C4A6D1770F56700D38CCD /* Sources */ = {
			isa = PBXSourcesBuildPhase;
			buildActionMask = 2147483647;
			files = (
				4BAFFF93177B6F420098341C /* RHGClockImplTests.m in Sources */,
				4BAFFF97177B70340098341C /* RHGAutoverifyingSenTestCase.m in Sources */,
				4B5E090F177C8D8F0073D4E1 /* RHGBlockCallSchedulerTimerImplTests.m in Sources */,
				4B5E0912177C8DD70073D4E1 /* RHGFakeAutoadvancingCurrentDateWrapperTests.m in Sources */,
				4B5E0915177C909A0073D4E1 /* RHGFakeAutoadvancingClockTests.m in Sources */,
			);
			runOnlyForDeploymentPostprocessing = 0;
		};
/* End PBXSourcesBuildPhase section */

/* Begin XCBuildConfiguration section */
		4B0C4A821770F56800D38CCD /* Debug */ = {
			isa = XCBuildConfiguration;
			buildSettings = {
				ALWAYS_SEARCH_USER_PATHS = NO;
				CLANG_CXX_LANGUAGE_STANDARD = "gnu++0x";
				CLANG_CXX_LIBRARY = "libc++";
				CLANG_ENABLE_OBJC_ARC = YES;
				CLANG_WARN_CONSTANT_CONVERSION = YES;
				CLANG_WARN_EMPTY_BODY = YES;
				CLANG_WARN_ENUM_CONVERSION = YES;
				CLANG_WARN_INT_CONVERSION = YES;
				CLANG_WARN__DUPLICATE_METHOD_MATCH = YES;
				"CODE_SIGN_IDENTITY[sdk=iphoneos*]" = "iPhone Developer";
				COPY_PHASE_STRIP = NO;
				GCC_C_LANGUAGE_STANDARD = gnu99;
				GCC_DYNAMIC_NO_PIC = NO;
				GCC_OPTIMIZATION_LEVEL = 0;
				GCC_PREPROCESSOR_DEFINITIONS = (
					"DEBUG=1",
					"$(inherited)",
				);
				GCC_SYMBOLS_PRIVATE_EXTERN = NO;
				GCC_WARN_ABOUT_RETURN_TYPE = YES;
				GCC_WARN_UNINITIALIZED_AUTOS = YES;
				GCC_WARN_UNUSED_VARIABLE = YES;
				IPHONEOS_DEPLOYMENT_TARGET = 6.1;
				ONLY_ACTIVE_ARCH = YES;
				SDKROOT = iphoneos;
				TARGETED_DEVICE_FAMILY = "1,2";
			};
			name = Debug;
		};
		4B0C4A831770F56800D38CCD /* Release */ = {
			isa = XCBuildConfiguration;
			buildSettings = {
				ALWAYS_SEARCH_USER_PATHS = NO;
				CLANG_CXX_LANGUAGE_STANDARD = "gnu++0x";
				CLANG_CXX_LIBRARY = "libc++";
				CLANG_ENABLE_OBJC_ARC = YES;
				CLANG_WARN_CONSTANT_CONVERSION = YES;
				CLANG_WARN_EMPTY_BODY = YES;
				CLANG_WARN_ENUM_CONVERSION = YES;
				CLANG_WARN_INT_CONVERSION = YES;
				CLANG_WARN__DUPLICATE_METHOD_MATCH = YES;
				"CODE_SIGN_IDENTITY[sdk=iphoneos*]" = "iPhone Developer";
				COPY_PHASE_STRIP = YES;
				GCC_C_LANGUAGE_STANDARD = gnu99;
				GCC_WARN_ABOUT_RETURN_TYPE = YES;
				GCC_WARN_UNINITIALIZED_AUTOS = YES;
				GCC_WARN_UNUSED_VARIABLE = YES;
				IPHONEOS_DEPLOYMENT_TARGET = 6.1;
				OTHER_CFLAGS = "-DNS_BLOCK_ASSERTIONS=1";
				SDKROOT = iphoneos;
				TARGETED_DEVICE_FAMILY = "1,2";
				VALIDATE_PRODUCT = YES;
			};
			name = Release;
		};
		4B0C4A881770F56800D38CCD /* Debug */ = {
			isa = XCBuildConfiguration;
			baseConfigurationReference = DF7A9CD4ED724777B9442E06 /* Pods-iOS Tests.xcconfig */;
			buildSettings = {
				FRAMEWORK_SEARCH_PATHS = (
					"\"$(SDKROOT)/Developer/Library/Frameworks\"",
					"\"$(DEVELOPER_LIBRARY_DIR)/Frameworks\"",
				);
				GCC_PRECOMPILE_PREFIX_HEADER = YES;
				INFOPLIST_FILE = "RGKitTests-Info.plist";
				PRODUCT_NAME = "$(TARGET_NAME)";
				WRAPPER_EXTENSION = octest;
			};
			name = Debug;
		};
		4B0C4A891770F56800D38CCD /* Release */ = {
			isa = XCBuildConfiguration;
			baseConfigurationReference = DF7A9CD4ED724777B9442E06 /* Pods-iOS Tests.xcconfig */;
			buildSettings = {
				FRAMEWORK_SEARCH_PATHS = (
					"\"$(SDKROOT)/Developer/Library/Frameworks\"",
					"\"$(DEVELOPER_LIBRARY_DIR)/Frameworks\"",
				);
				GCC_PRECOMPILE_PREFIX_HEADER = YES;
				INFOPLIST_FILE = "RGKitTests-Info.plist";
				PRODUCT_NAME = "$(TARGET_NAME)";
				WRAPPER_EXTENSION = octest;
			};
			name = Release;
		};
/* End XCBuildConfiguration section */

/* Begin XCConfigurationList section */
		4B0C4A4D1770F56700D38CCD /* Build configuration list for PBXProject "RGKit Tests" */ = {
			isa = XCConfigurationList;
			buildConfigurations = (
				4B0C4A821770F56800D38CCD /* Debug */,
				4B0C4A831770F56800D38CCD /* Release */,
			);
			defaultConfigurationIsVisible = 0;
			defaultConfigurationName = Release;
		};
		4B0C4A871770F56800D38CCD /* Build configuration list for PBXNativeTarget "iOS Tests" */ = {
			isa = XCConfigurationList;
			buildConfigurations = (
				4B0C4A881770F56800D38CCD /* Debug */,
				4B0C4A891770F56800D38CCD /* Release */,
			);
			defaultConfigurationIsVisible = 0;
			defaultConfigurationName = Release;
		};
/* End XCConfigurationList section */
	};
	rootObject = 4B0C4A4A1770F56700D38CCD /* Project object */;
}
