PODS:
  - LRMocky (0.9.2)
  - OCHamcrest (2.0.1)
  - RGKit (0.0.5):
    - LRMocky (~> 0.9.1x)
    - OCHamcrest (~> 2.0.0)

DEPENDENCIES:
  - RGKit (from `../`)

EXTERNAL SOURCES:
  RGKit:
    :path: ../

SPEC CHECKSUMS:
  LRMocky: 6a8c3731e475500c29eeca47cb5d257a371a9428
  OCHamcrest: 07dc0921b4c4ee7a3137e22d6a41ca236d93d2bf
  RGKit: a34cba0bb9e8676147afdab88da9b5dba9fc9110

COCOAPODS: 0.20.2
