PODS:
  - CocoaLumberjack (1.6.2)
  - OCHamcrest (3.0.0)
  - OCMock (2.1.1)
  - RGKit (0.1.6):
    - CocoaLumberjack (~> 1.6.0)

DEPENDENCIES:
  - OCHamcrest
  - OCMock (~> 2.1.1)
  - RGKit (from `../`)

EXTERNAL SOURCES:
  RGKit:
    :path: ../

SPEC CHECKSUMS:
  CocoaLumberjack: d73e1e317ced14ab930797dda6c17156ff17aaa1
  OCHamcrest: 739added27df87b26adb60ab5aa14b7e3cf58afe
  OCMock: 79212e5e328378af5cfd6edb5feacfd6c49cd8a3
  RGKit: b219762157fd3ad3a5dee3620c832f76a7be9ee2

COCOAPODS: 0.22.3
